
Microsoft Visual Studio Solution File, Format Version 12.00
# Visual Studio 14
VisualStudioVersion = 14.0.25420.1
MinimumVisualStudioVersion = 10.0.40219.1
Project("{FAE04EC0-301F-11D3-BF4B-00C04F79EFBC}") = "ExamplePca9685PwmDriver", "ExamplePca9685PwmDriver\ExamplePca9685PwmDriver.csproj", "{EAE03D7D-2192-4761-8C2D-DB731BF289A7}"
EndProject
Global
	GlobalSection(SolutionConfigurationPlatforms) = preSolution
		Debug|Any CPU = Debug|Any CPU
		Release|Any CPU = Release|Any CPU
	EndGlobalSection
	GlobalSection(ProjectConfigurationPlatforms) = postSolution
		{EAE03D7D-2192-4761-8C2D-DB731BF289A7}.Debug|Any CPU.ActiveCfg = Debug|Any CPU
		{EAE03D7D-2192-4761-8C2D-DB731BF289A7}.Debug|Any CPU.Build.0 = Debug|Any CPU
		{EAE03D7D-2192-4761-8C2D-DB731BF289A7}.Debug|Any CPU.Deploy.0 = Debug|Any CPU
		{EAE03D7D-2192-4761-8C2D-DB731BF289A7}.Release|Any CPU.ActiveCfg = Release|Any CPU
		{EAE03D7D-2192-4761-8C2D-DB731BF289A7}.Release|Any CPU.Build.0 = Release|Any CPU
		{EAE03D7D-2192-4761-8C2D-DB731BF289A7}.Release|Any CPU.Deploy.0 = Release|Any CPU
	EndGlobalSection
	GlobalSection(SolutionProperties) = preSolution
		HideSolutionNode = FALSE
	EndGlobalSection
EndGlobal
